<?xml version="1.0" encoding="utf-8"?>
<Project ToolsVersion="4.0" xmlns="http://schemas.microsoft.com/developer/msbuild/2003">
  <ItemGroup>
    <Filter Include="Source Files">
      <UniqueIdentifier>{4FC737F1-C7A5-4376-A066-2A32D752A2FF}</UniqueIdentifier>
      <Extensions>cpp;c;cc;cxx;c++;cppm;ixx;def;odl;idl;hpj;bat;asm;asmx</Extensions>
    </Filter>
    <Filter Include="Header Files">
      <UniqueIdentifier>{93995380-89BD-4b04-88EB-625FBE52EBFB}</UniqueIdentifier>
      <Extensions>h;hh;hpp;hxx;h++;hm;inl;inc;ipp;xsd</Extensions>
    </Filter>
    <Filter Include="Resource Files">
      <UniqueIdentifier>{67DA6AB6-F800-4c08-8B7A-83BB121AAD01}</UniqueIdentifier>
      <Extensions>rc;ico;cur;bmp;dlg;rc2;rct;bin;rgs;gif;jpg;jpeg;jpe;resx;tiff;tif;png;wav;mfcribbon-ms</Extensions>
    </Filter>
  </ItemGroup>
  <ItemGroup>
    <ClCompile Include="..\Basics_Of_Cpp\BitManipulation.cpp">
      <Filter>Source Files</Filter>
    </ClCompile>
    <ClCompile Include="..\Basics_Of_Cpp\ObjectOrientedProgramming.cpp">
      <Filter>Source Files</Filter>
    </ClCompile>
    <ClCompile Include="..\Basics_Of_Cpp\ObjectOrientedProgramming_1.cpp">
      <Filter>Source Files</Filter>
    </ClCompile>
    <ClCompile Include="..\Basics_Of_Cpp\String\String.cpp">
      <Filter>Source Files</Filter>
    </ClCompile>
    <ClCompile Include="..\Basics_Of_Cpp\Constants_And_Variables.cpp">
      <Filter>Source Files</Filter>
    </ClCompile>
    <ClCompile Include="..\Basics_Of_Cpp\Class_And_Object_Experiments.cpp">
      <Filter>Source Files</Filter>
    </ClCompile>
    <ClCompile Include="..\Basics_Of_Cpp\static_variable_And_static_fuction.cpp">
      <Filter>Source Files</Filter>
    </ClCompile>
    <ClCompile Include="..\Basics_Of_Cpp\Passing_And_Returning_Obj_In_A_Function.cpp">
      <Filter>Source Files</Filter>
    </ClCompile>
    <ClCompile Include="..\Basics_Of_Cpp\Friend_Class_And_Friend_Function.cpp">
      <Filter>Source Files</Filter>
    </ClCompile>
    <ClCompile Include="..\Basics_Of_Cpp\Pointers_To_Class_And_Class_Members.cpp">
      <Filter>Source Files</Filter>
    </ClCompile>
    <ClCompile Include="..\Basics_Of_Cpp\Constructor_Destructor.cpp">
      <Filter>Source Files</Filter>
    </ClCompile>
    <ClCompile Include="..\Basics_Of_Cpp\Testing.cpp">
      <Filter>Source Files</Filter>
    </ClCompile>
    <ClCompile Include="..\Basics_Of_Cpp\Linked_List.cpp">
      <Filter>Source Files</Filter>
    </ClCompile>
    <ClCompile Include="..\Basics_Of_Cpp\Linked_List_Trial.cpp">
      <Filter>Source Files</Filter>
    </ClCompile>
    <ClCompile Include="..\Basics_Of_Cpp\Linked_List.c">
      <Filter>Source Files</Filter>
    </ClCompile>
    <ClCompile Include="..\Basics_Of_Cpp\File_Operation_In_Cpp.cpp">
      <Filter>Source Files</Filter>
    </ClCompile>
    <ClCompile Include="..\Basics_Of_Cpp\Inheritance.cpp">
      <Filter>Source Files</Filter>
    </ClCompile>
    <ClCompile Include="..\Basics_Of_Cpp\Pure_Virtual_Function_OR_Abstract_Class.cpp">
      <Filter>Source Files</Filter>
    </ClCompile>
    <ClCompile Include="..\Basics_Of_Cpp\Exception_Handling.cpp">
      <Filter>Source Files</Filter>
    </ClCompile>
    <ClCompile Include="..\Basics_Of_Cpp\Signal_Handling.cpp">
      <Filter>Source Files</Filter>
    </ClCompile>
    <ClCompile Include="..\Basics_Of_Cpp\NameSpace.cpp">
      <Filter>Source Files</Filter>
    </ClCompile>
    <ClCompile Include="..\Basics_Of_Cpp\Synopsis_Test.cpp">
      <Filter>Source Files</Filter>
    </ClCompile>
    <ClCompile Include="..\Basics_Of_Cpp\Operator_Overloading_Old.cpp">
      <Filter>Source Files</Filter>
    </ClCompile>
    <ClCompile Include="..\Basics_Of_Cpp\Class_Template.cpp">
      <Filter>Source Files</Filter>
    </ClCompile>
    <ClCompile Include="..\Basics_Of_Cpp\Function_Template.cpp">
      <Filter>Source Files</Filter>
    </ClCompile>
    <ClCompile Include="..\Basics_Of_Cpp\2x2_Mtrx_Multiply.cpp">
      <Filter>Source Files</Filter>
    </ClCompile>
    <ClCompile Include="Operator_Overloading.cpp">
      <Filter>Source Files</Filter>
    </ClCompile>
  </ItemGroup>
  <ItemGroup>
    <ClInclude Include="..\Basics_Of_Cpp\Headers\Student_Class.h">
      <Filter>Header Files</Filter>
    </ClInclude>
    <ClInclude Include="Operator_Overloading.h">
      <Filter>Header Files</Filter>
    </ClInclude>
  </ItemGroup>
</Project>